# THIS IS AN AUTOGENERATED FILE. DO NOT EDIT THIS FILE DIRECTLY.
# yarn lockfile v1


"@coreui/chartjs@^3.1.1":
  version "3.1.2"
  resolved "https://registry.yarnpkg.com/@coreui/chartjs/-/chartjs-3.1.2.tgz#985fdc9bddff752befdf72fec99da948ce5a3ed9"
  integrity sha512-d3MGk3KZNAt29VRKP/XYiGmT56KTqtuOhLEg5HNwb7P7ZmEgOJoHxFHVCVE4I36hfgQCjZZVknsuk2ZTfF/2fw==
  dependencies:
    "@coreui/coreui" "^4.2.6"
    chart.js "^3.9.1"

"@coreui/coreui@^4.2.6":
  version "4.2.6"
  resolved "https://registry.yarnpkg.com/@coreui/coreui/-/coreui-4.2.6.tgz#8ae8aa4c834552328c5748385be5bc33df86aab7"
  integrity sha512-h9j1BVnaDi9vSr1t0H8NL3hlDD4lU9kIdGLXn7g9k5iaFq5EDlRDcSBDer6lR2O4sIEl7W7YqTlevLxFC+1cIA==
  dependencies:
    postcss-combine-duplicated-selectors "^10.0.3"

"@coreui/react-chartjs@^2.1.3":
  version "2.1.3"
  resolved "https://registry.yarnpkg.com/@coreui/react-chartjs/-/react-chartjs-2.1.3.tgz#7ec0d468b648fb4aff90413c4d6e9da5e651fba4"
  integrity sha512-Boj2LhlGlAVIdPRDDIyF5nbupIg9ohhpdLXW28ch0A0ZMpJvf0AwBoibV4Uo6agcN7jSq2uvgudNC3aJTMg/8w==
  dependencies:
    "@coreui/chartjs" "^3.1.1"
    chart.js "3.9.1"

chart.js@3.9.1, chart.js@^3.9.1:
  version "3.9.1"
  resolved "https://registry.yarnpkg.com/chart.js/-/chart.js-3.9.1.tgz#3abf2c775169c4c71217a107163ac708515924b8"
  integrity sha512-Ro2JbLmvg83gXF5F4sniaQ+lTbSv18E+TIf2cOeiH1Iqd2PGFOtem+DUufMZsCJwFE7ywPOpfXFBwRTGq7dh6w==

cssesc@^3.0.0:
  version "3.0.0"
  resolved "https://registry.yarnpkg.com/cssesc/-/cssesc-3.0.0.tgz#37741919903b868565e1c09ea747445cd18983ee"
  integrity sha512-/Tb/JcjK111nNScGob5MNtsntNM1aCNUDipB/TkwZFhyDrrE47SOx/18wF2bbjgc3ZzCSKW1T5nt5EbFoAz/Vg==

postcss-combine-duplicated-selectors@^10.0.3:
  version "10.0.3"
  resolved "https://registry.yarnpkg.com/postcss-combine-duplicated-selectors/-/postcss-combine-duplicated-selectors-10.0.3.tgz#71e8b6783e99cd560cf08ba7b896ad0db318c11c"
  integrity sha512-IP0BmwFloCskv7DV7xqvzDXqMHpwdczJa6ZvIW8abgHdcIHs9mCJX2ltFhu3EwA51ozp13DByng30+Ke+eIExA==
  dependencies:
    postcss-selector-parser "^6.0.4"

postcss-selector-parser@^6.0.4:
  version "6.0.13"
  resolved "https://registry.yarnpkg.com/postcss-selector-parser/-/postcss-selector-parser-6.0.13.tgz#d05d8d76b1e8e173257ef9d60b706a8e5e99bf1b"
  integrity sha512-EaV1Gl4mUEV4ddhDnv/xtj7sxwrwxdetHdWUGnT4VJQf+4d05v6lHYZr8N573k5Z0BViss7BDhfWtKS3+sfAqQ==
  dependencies:
    cssesc "^3.0.0"
    util-deprecate "^1.0.2"

react-icons@^4.9.0:
  version "4.10.1"
  resolved "https://registry.yarnpkg.com/react-icons/-/react-icons-4.10.1.tgz#3f3b5eec1f63c1796f6a26174a1091ca6437a500"
  integrity sha512-/ngzDP/77tlCfqthiiGNZeYFACw85fUjZtLbedmJ5DTlNDIwETxhwBzdOJ21zj4iJdvc0J3y7yOsX3PpxAJzrw==

util-deprecate@^1.0.2:
  version "1.0.2"
  resolved "https://registry.yarnpkg.com/util-deprecate/-/util-deprecate-1.0.2.tgz#450d4dc9fa70de732762fbd2d4a28981419a0ccf"
  integrity sha512-EPD5q1uXyFxJpCrLnCc1nHnq3gOa6DZBocAIiI2TaSCA7VCJ1UJDMagCzIkXNsUYfD1daK//LTEQ8xiIbrHtcw==
